// !$*UTF8*$!
{
	archiveVersion = 1;
	classes = {
	};
	objectVersion = 50;
	objects = {

/* Begin PBXBuildFile section */
		B162D8E424FE37E400A53DF4 /* ToggleTextButton.swift in Sources */ = {isa = PBXBuildFile; fileRef = B162D8E324FE37E400A53DF4 /* ToggleTextButton.swift */; };
		B186DDB724FB9BDC00BBB5CF /* PlayWithImage.swift in Sources */ = {isa = PBXBuildFile; fileRef = B186DDB624FB9BDC00BBB5CF /* PlayWithImage.swift */; };
		B1A609FF24FD4B45002CAABF /* DynamicList_and_Identifiable.swift in Sources */ = {isa = PBXBuildFile; fileRef = B1A609FE24FD4B45002CAABF /* DynamicList_and_Identifiable.swift */; };
		B1AE00B624FA30A90090C468 /* AppDelegate.swift in Sources */ = {isa = PBXBuildFile; fileRef = B1AE00B524FA30A90090C468 /* AppDelegate.swift */; };
		B1AE00B824FA30A90090C468 /* SceneDelegate.swift in Sources */ = {isa = PBXBuildFile; fileRef = B1AE00B724FA30A90090C468 /* SceneDelegate.swift */; };
		B1AE00BA24FA30A90090C468 /* ContentView.swift in Sources */ = {isa = PBXBuildFile; fileRef = B1AE00B924FA30A90090C468 /* ContentView.swift */; };
		B1AE00BC24FA30AB0090C468 /* Assets.xcassets in Resources */ = {isa = PBXBuildFile; fileRef = B1AE00BB24FA30AB0090C468 /* Assets.xcassets */; };
		B1AE00BF24FA30AB0090C468 /* Preview Assets.xcassets in Resources */ = {isa = PBXBuildFile; fileRef = B1AE00BE24FA30AB0090C468 /* Preview Assets.xcassets */; };
		B1AE00C224FA30AB0090C468 /* LaunchScreen.storyboard in Resources */ = {isa = PBXBuildFile; fileRef = B1AE00C024FA30AB0090C468 /* LaunchScreen.storyboard */; };
		B1AE00CA24FAA2760090C468 /* PlayWithText.swift in Sources */ = {isa = PBXBuildFile; fileRef = B1AE00C924FAA2760090C468 /* PlayWithText.swift */; };
		B1AE00CC24FABEAF0090C468 /* PlayWithButton.swift in Sources */ = {isa = PBXBuildFile; fileRef = B1AE00CB24FABEAF0090C468 /* PlayWithButton.swift */; };
/* End PBXBuildFile section */

/* Begin PBXFileReference section */
		B162D8E324FE37E400A53DF4 /* ToggleTextButton.swift */ = {isa = PBXFileReference; lastKnownFileType = sourcecode.swift; path = ToggleTextButton.swift; sourceTree = "<group>"; };
		B186DDB624FB9BDC00BBB5CF /* PlayWithImage.swift */ = {isa = PBXFileReference; lastKnownFileType = sourcecode.swift; path = PlayWithImage.swift; sourceTree = "<group>"; };
		B1A609FE24FD4B45002CAABF /* DynamicList_and_Identifiable.swift */ = {isa = PBXFileReference; lastKnownFileType = sourcecode.swift; path = DynamicList_and_Identifiable.swift; sourceTree = "<group>"; };
		B1AE00B224FA30A90090C468 /* LearnBasicsSwiftUI.app */ = {isa = PBXFileReference; explicitFileType = wrapper.application; includeInIndex = 0; path = LearnBasicsSwiftUI.app; sourceTree = BUILT_PRODUCTS_DIR; };
		B1AE00B524FA30A90090C468 /* AppDelegate.swift */ = {isa = PBXFileReference; lastKnownFileType = sourcecode.swift; path = AppDelegate.swift; sourceTree = "<group>"; };
		B1AE00B724FA30A90090C468 /* SceneDelegate.swift */ = {isa = PBXFileReference; lastKnownFileType = sourcecode.swift; path = SceneDelegate.swift; sourceTree = "<group>"; };
		B1AE00B924FA30A90090C468 /* ContentView.swift */ = {isa = PBXFileReference; lastKnownFileType = sourcecode.swift; path = ContentView.swift; sourceTree = "<group>"; };
		B1AE00BB24FA30AB0090C468 /* Assets.xcassets */ = {isa = PBXFileReference; lastKnownFileType = folder.assetcatalog; path = Assets.xcassets; sourceTree = "<group>"; };
		B1AE00BE24FA30AB0090C468 /* Preview Assets.xcassets */ = {isa = PBXFileReference; lastKnownFileType = folder.assetcatalog; path = "Preview Assets.xcassets"; sourceTree = "<group>"; };
		B1AE00C124FA30AB0090C468 /* Base */ = {isa = PBXFileReference; lastKnownFileType = file.storyboard; name = Base; path = Base.lproj/LaunchScreen.storyboard; sourceTree = "<group>"; };
		B1AE00C324FA30AB0090C468 /* Info.plist */ = {isa = PBXFileReference; lastKnownFileType = text.plist.xml; path = Info.plist; sourceTree = "<group>"; };
		B1AE00C924FAA2760090C468 /* PlayWithText.swift */ = {isa = PBXFileReference; lastKnownFileType = sourcecode.swift; path = PlayWithText.swift; sourceTree = "<group>"; };
		B1AE00CB24FABEAF0090C468 /* PlayWithButton.swift */ = {isa = PBXFileReference; lastKnownFileType = sourcecode.swift; path = PlayWithButton.swift; sourceTree = "<group>"; };
/* End PBXFileReference section */

/* Begin PBXFrameworksBuildPhase section */
		B1AE00AF24FA30A90090C468 /* Frameworks */ = {
			isa = PBXFrameworksBuildPhase;
			buildActionMask = 2147483647;
			files = (
			);
			runOnlyForDeploymentPostprocessing = 0;
		};
/* End PBXFrameworksBuildPhase section */

/* Begin PBXGroup section */
		B1AE00A924FA30A90090C468 = {
			isa = PBXGroup;
			children = (
				B1AE00B424FA30A90090C468 /* LearnBasicsSwiftUI */,
				B1AE00B324FA30A90090C468 /* Products */,
			);
			sourceTree = "<group>";
		};
		B1AE00B324FA30A90090C468 /* Products */ = {
			isa = PBXGroup;
			children = (
				B1AE00B224FA30A90090C468 /* LearnBasicsSwiftUI.app */,
			);
			name = Products;
			sourceTree = "<group>";
		};
		B1AE00B424FA30A90090C468 /* LearnBasicsSwiftUI */ = {
			isa = PBXGroup;
			children = (
				B1AE00B524FA30A90090C468 /* AppDelegate.swift */,
				B1AE00B724FA30A90090C468 /* SceneDelegate.swift */,
				B1AE00B924FA30A90090C468 /* ContentView.swift */,
				B1AE00C924FAA2760090C468 /* PlayWithText.swift */,
				B1AE00CB24FABEAF0090C468 /* PlayWithButton.swift */,
				B186DDB624FB9BDC00BBB5CF /* PlayWithImage.swift */,
				B1A609FE24FD4B45002CAABF /* DynamicList_and_Identifiable.swift */,
				B162D8E324FE37E400A53DF4 /* ToggleTextButton.swift */,
				B1AE00BB24FA30AB0090C468 /* Assets.xcassets */,
				B1AE00C024FA30AB0090C468 /* LaunchScreen.storyboard */,
				B1AE00C324FA30AB0090C468 /* Info.plist */,
				B1AE00BD24FA30AB0090C468 /* Preview Content */,
			);
			path = LearnBasicsSwiftUI;
			sourceTree = "<group>";
		};
		B1AE00BD24FA30AB0090C468 /* Preview Content */ = {
			isa = PBXGroup;
			children = (
				B1AE00BE24FA30AB0090C468 /* Preview Assets.xcassets */,
			);
			path = "Preview Content";
			sourceTree = "<group>";
		};
/* End PBXGroup section */

/* Begin PBXNativeTarget section */
		B1AE00B124FA30A90090C468 /* LearnBasicsSwiftUI */ = {
			isa = PBXNativeTarget;
			buildConfigurationList = B1AE00C624FA30AB0090C468 /* Build configuration list for PBXNativeTarget "LearnBasicsSwiftUI" */;
			buildPhases = (
				B1AE00AE24FA30A90090C468 /* Sources */,
				B1AE00AF24FA30A90090C468 /* Frameworks */,
				B1AE00B024FA30A90090C468 /* Resources */,
			);
			buildRules = (
			);
			dependencies = (
			);
			name = LearnBasicsSwiftUI;
			productName = HorizontalScroll_SwiftUI;
			productReference = B1AE00B224FA30A90090C468 /* LearnBasicsSwiftUI.app */;
			productType = "com.apple.product-type.application";
		};
/* End PBXNativeTarget section */

/* Begin PBXProject section */
		B1AE00AA24FA30A90090C468 /* Project object */ = {
			isa = PBXProject;
			attributes = {
				LastSwiftUpdateCheck = 1150;
				LastUpgradeCheck = 1150;
				ORGANIZATIONNAME = "Ashish Tyagi";
				TargetAttributes = {
					B1AE00B124FA30A90090C468 = {
						CreatedOnToolsVersion = 11.5;
					};
				};
			};
			buildConfigurationList = B1AE00AD24FA30A90090C468 /* Build configuration list for PBXProject "LearnBasicsSwiftUI" */;
			compatibilityVersion = "Xcode 9.3";
			developmentRegion = en;
			hasScannedForEncodings = 0;
			knownRegions = (
				en,
				Base,
			);
			mainGroup = B1AE00A924FA30A90090C468;
			productRefGroup = B1AE00B324FA30A90090C468 /* Products */;
			projectDirPath = "";
			projectRoot = "";
			targets = (
				B1AE00B124FA30A90090C468 /* LearnBasicsSwiftUI */,
			);
		};
/* End PBXProject section */

/* Begin PBXResourcesBuildPhase section */
		B1AE00B024FA30A90090C468 /* Resources */ = {
			isa = PBXResourcesBuildPhase;
			buildActionMask = 2147483647;
			files = (
				B1AE00C224FA30AB0090C468 /* LaunchScreen.storyboard in Resources */,
				B1AE00BF24FA30AB0090C468 /* Preview Assets.xcassets in Resources */,
				B1AE00BC24FA30AB0090C468 /* Assets.xcassets in Resources */,
			);
			runOnlyForDeploymentPostprocessing = 0;
		};
/* End PBXResourcesBuildPhase section */

/* Begin PBXSourcesBuildPhase section */
		B1AE00AE24FA30A90090C468 /* Sources */ = {
			isa = PBXSourcesBuildPhase;
			buildActionMask = 2147483647;
			files = (
				B1AE00CA24FAA2760090C468 /* PlayWithText.swift in Sources */,
				B1A609FF24FD4B45002CAABF /* DynamicList_and_Identifiable.swift in Sources */,
				B1AE00B624FA30A90090C468 /* AppDelegate.swift in Sources */,
				B1AE00B824FA30A90090C468 /* SceneDelegate.swift in Sources */,
				B162D8E424FE37E400A53DF4 /* ToggleTextButton.swift in Sources */,
				B186DDB724FB9BDC00BBB5CF /* PlayWithImage.swift in Sources */,
				B1AE00CC24FABEAF0090C468 /* PlayWithButton.swift in Sources */,
				B1AE00BA24FA30A90090C468 /* ContentView.swift in Sources */,
			);
			runOnlyForDeploymentPostprocessing = 0;
		};
/* End PBXSourcesBuildPhase section */

/* Begin PBXVariantGroup section */
		B1AE00C024FA30AB0090C468 /* LaunchScreen.storyboard */ = {
			isa = PBXVariantGroup;
			children = (
				B1AE00C124FA30AB0090C468 /* Base */,
			);
			name = LaunchScreen.storyboard;
			sourceTree = "<group>";
		};
/* End PBXVariantGroup section */

/* Begin XCBuildConfiguration section */
		B1AE00C424FA30AB0090C468 /* Debug */ = {
			isa = XCBuildConfiguration;
			buildSettings = {
				ALWAYS_SEARCH_USER_PATHS = NO;
				CLANG_ANALYZER_NONNULL = YES;
				CLANG_ANALYZER_NUMBER_OBJECT_CONVERSION = YES_AGGRESSIVE;
				CLANG_CXX_LANGUAGE_STANDARD = "gnu++14";
				CLANG_CXX_LIBRARY = "libc++";
				CLANG_ENABLE_MODULES = YES;
				CLANG_ENABLE_OBJC_ARC = YES;
				CLANG_ENABLE_OBJC_WEAK = YES;
				CLANG_WARN_BLOCK_CAPTURE_AUTORELEASING = YES;
				CLANG_WARN_BOOL_CONVERSION = YES;
				CLANG_WARN_COMMA = YES;
				CLANG_WARN_CONSTANT_CONVERSION = YES;
				CLANG_WARN_DEPRECATED_OBJC_IMPLEMENTATIONS = YES;
				CLANG_WARN_DIRECT_OBJC_ISA_USAGE = YES_ERROR;
				CLANG_WARN_DOCUMENTATION_COMMENTS = YES;
				CLANG_WARN_EMPTY_BODY = YES;
				CLANG_WARN_ENUM_CONVERSION = YES;
				CLANG_WARN_INFINITE_RECURSION = YES;
				CLANG_WARN_INT_CONVERSION = YES;
				CLANG_WARN_NON_LITERAL_NULL_CONVERSION = YES;
				CLANG_WARN_OBJC_IMPLICIT_RETAIN_SELF = YES;
				CLANG_WARN_OBJC_LITERAL_CONVERSION = YES;
				CLANG_WARN_OBJC_ROOT_CLASS = YES_ERROR;
				CLANG_WARN_RANGE_LOOP_ANALYSIS = YES;
				CLANG_WARN_STRICT_PROTOTYPES = YES;
				CLANG_WARN_SUSPICIOUS_MOVE = YES;
				CLANG_WARN_UNGUARDED_AVAILABILITY = YES_AGGRESSIVE;
				CLANG_WARN_UNREACHABLE_CODE = YES;
				CLANG_WARN__DUPLICATE_METHOD_MATCH = YES;
				COPY_PHASE_STRIP = NO;
				DEBUG_INFORMATION_FORMAT = dwarf;
				ENABLE_STRICT_OBJC_MSGSEND = YES;
				ENABLE_TESTABILITY = YES;
				GCC_C_LANGUAGE_STANDARD = gnu11;
				GCC_DYNAMIC_NO_PIC = NO;
				GCC_NO_COMMON_BLOCKS = YES;
				GCC_OPTIMIZATION_LEVEL = 0;
				GCC_PREPROCESSOR_DEFINITIONS = (
					"DEBUG=1",
					"$(inherited)",
				);
				GCC_WARN_64_TO_32_BIT_CONVERSION = YES;
				GCC_WARN_ABOUT_RETURN_TYPE = YES_ERROR;
				GCC_WARN_UNDECLARED_SELECTOR = YES;
				GCC_WARN_UNINITIALIZED_AUTOS = YES_AGGRESSIVE;
				GCC_WARN_UNUSED_FUNCTION = YES;
				GCC_WARN_UNUSED_VARIABLE = YES;
				IPHONEOS_DEPLOYMENT_TARGET = 13.5;
				MTL_ENABLE_DEBUG_INFO = INCLUDE_SOURCE;
				MTL_FAST_MATH = YES;
				ONLY_ACTIVE_ARCH = YES;
				SDKROOT = iphoneos;
				SWIFT_ACTIVE_COMPILATION_CONDITIONS = DEBUG;
				SWIFT_OPTIMIZATION_LEVEL = "-Onone";
			};
			name = Debug;
		};
		B1AE00C524FA30AB0090C468 /* Release */ = {
			isa = XCBuildConfiguration;
			buildSettings = {
				ALWAYS_SEARCH_USER_PATHS = NO;
				CLANG_ANALYZER_NONNULL = YES;
				CLANG_ANALYZER_NUMBER_OBJECT_CONVERSION = YES_AGGRESSIVE;
				CLANG_CXX_LANGUAGE_STANDARD = "gnu++14";
				CLANG_CXX_LIBRARY = "libc++";
				CLANG_ENABLE_MODULES = YES;
				CLANG_ENABLE_OBJC_ARC = YES;
				CLANG_ENABLE_OBJC_WEAK = YES;
				CLANG_WARN_BLOCK_CAPTURE_AUTORELEASING = YES;
				CLANG_WARN_BOOL_CONVERSION = YES;
				CLANG_WARN_COMMA = YES;
				CLANG_WARN_CONSTANT_CONVERSION = YES;
				CLANG_WARN_DEPRECATED_OBJC_IMPLEMENTATIONS = YES;
				CLANG_WARN_DIRECT_OBJC_ISA_USAGE = YES_ERROR;
				CLANG_WARN_DOCUMENTATION_COMMENTS = YES;
				CLANG_WARN_EMPTY_BODY = YES;
				CLANG_WARN_ENUM_CONVERSION = YES;
				CLANG_WARN_INFINITE_RECURSION = YES;
				CLANG_WARN_INT_CONVERSION = YES;
				CLANG_WARN_NON_LITERAL_NULL_CONVERSION = YES;
				CLANG_WARN_OBJC_IMPLICIT_RETAIN_SELF = YES;
				CLANG_WARN_OBJC_LITERAL_CONVERSION = YES;
				CLANG_WARN_OBJC_ROOT_CLASS = YES_ERROR;
				CLANG_WARN_RANGE_LOOP_ANALYSIS = YES;
				CLANG_WARN_STRICT_PROTOTYPES = YES;
				CLANG_WARN_SUSPICIOUS_MOVE = YES;
				CLANG_WARN_UNGUARDED_AVAILABILITY = YES_AGGRESSIVE;
				CLANG_WARN_UNREACHABLE_CODE = YES;
				CLANG_WARN__DUPLICATE_METHOD_MATCH = YES;
				COPY_PHASE_STRIP = NO;
				DEBUG_INFORMATION_FORMAT = "dwarf-with-dsym";
				ENABLE_NS_ASSERTIONS = NO;
				ENABLE_STRICT_OBJC_MSGSEND = YES;
				GCC_C_LANGUAGE_STANDARD = gnu11;
				GCC_NO_COMMON_BLOCKS = YES;
				GCC_WARN_64_TO_32_BIT_CONVERSION = YES;
				GCC_WARN_ABOUT_RETURN_TYPE = YES_ERROR;
				GCC_WARN_UNDECLARED_SELECTOR = YES;
				GCC_WARN_UNINITIALIZED_AUTOS = YES_AGGRESSIVE;
				GCC_WARN_UNUSED_FUNCTION = YES;
				GCC_WARN_UNUSED_VARIABLE = YES;
				IPHONEOS_DEPLOYMENT_TARGET = 13.5;
				MTL_ENABLE_DEBUG_INFO = NO;
				MTL_FAST_MATH = YES;
				SDKROOT = iphoneos;
				SWIFT_COMPILATION_MODE = wholemodule;
				SWIFT_OPTIMIZATION_LEVEL = "-O";
				VALIDATE_PRODUCT = YES;
			};
			name = Release;
		};
		B1AE00C724FA30AB0090C468 /* Debug */ = {
			isa = XCBuildConfiguration;
			buildSettings = {
				ASSETCATALOG_COMPILER_APPICON_NAME = AppIcon;
				CLANG_OPTIMIZATION_PROFILE_FILE = "$(SRCROOT)/OptimizationProfiles/$(PRODUCT_NAME).profdata";
				CODE_SIGN_STYLE = Automatic;
				DEVELOPMENT_ASSET_PATHS = "\"LearnBasicsSwiftUI/Preview Content\"";
				ENABLE_PREVIEWS = YES;
				INFOPLIST_FILE = LearnBasicsSwiftUI/Info.plist;
				LD_RUNPATH_SEARCH_PATHS = (
					"$(inherited)",
					"@executable_path/Frameworks",
				);
				PRODUCT_BUNDLE_IDENTIFIER = com.ashish.LearnBasicsSwiftUI;
				PRODUCT_NAME = "$(TARGET_NAME)";
				SWIFT_VERSION = 5.0;
				TARGETED_DEVICE_FAMILY = "1,2";
			};
			name = Debug;
		};
		B1AE00C824FA30AB0090C468 /* Release */ = {
			isa = XCBuildConfiguration;
			buildSettings = {
				ASSETCATALOG_COMPILER_APPICON_NAME = AppIcon;
				CLANG_OPTIMIZATION_PROFILE_FILE = "$(SRCROOT)/OptimizationProfiles/$(PRODUCT_NAME).profdata";
				CODE_SIGN_STYLE = Automatic;
				DEVELOPMENT_ASSET_PATHS = "\"LearnBasicsSwiftUI/Preview Content\"";
				ENABLE_PREVIEWS = YES;
				INFOPLIST_FILE = LearnBasicsSwiftUI/Info.plist;
				LD_RUNPATH_SEARCH_PATHS = (
					"$(inherited)",
					"@executable_path/Frameworks",
				);
				PRODUCT_BUNDLE_IDENTIFIER = com.ashish.LearnBasicsSwiftUI;
				PRODUCT_NAME = "$(TARGET_NAME)";
				SWIFT_VERSION = 5.0;
				TARGETED_DEVICE_FAMILY = "1,2";
			};
			name = Release;
		};
/* End XCBuildConfiguration section */

/* Begin XCConfigurationList section */
		B1AE00AD24FA30A90090C468 /* Build configuration list for PBXProject "LearnBasicsSwiftUI" */ = {
			isa = XCConfigurationList;
			buildConfigurations = (
				B1AE00C424FA30AB0090C468 /* Debug */,
				B1AE00C524FA30AB0090C468 /* Release */,
			);
			defaultConfigurationIsVisible = 0;
			defaultConfigurationName = Release;
		};
		B1AE00C624FA30AB0090C468 /* Build configuration list for PBXNativeTarget "LearnBasicsSwiftUI" */ = {
			isa = XCConfigurationList;
			buildConfigurations = (
				B1AE00C724FA30AB0090C468 /* Debug */,
				B1AE00C824FA30AB0090C468 /* Release */,
			);
			defaultConfigurationIsVisible = 0;
			defaultConfigurationName = Release;
		};
/* End XCConfigurationList section */
	};
	rootObject = B1AE00AA24FA30A90090C468 /* Project object */;
}
